# THIS IS AN AUTOGENERATED FILE. DO NOT EDIT THIS FILE DIRECTLY.
# yarn lockfile v1


"@projectstorm/geometry@^6.2.0":
  version "6.2.0"
  resolved "https://registry.yarnpkg.com/@projectstorm/geometry/-/geometry-6.2.0.tgz#51c708fda2f95016984287a0e406f14fb084646d"
  integrity sha512-Bu7PRdIQAbrqxTrIqGpAIgqvwGpnZSd+jqu3Dv6XvhuE8+WIZVgUBty/eTYo62Ohnc1/chjXH6EtEdgfnj9aRw==

"@projectstorm/react-canvas-core@^6.2.0":
  version "6.2.0"
  resolved "https://registry.yarnpkg.com/@projectstorm/react-canvas-core/-/react-canvas-core-6.2.0.tgz#46fe2316ff949d7da07e2d215bc0bc6fdd98ca05"
  integrity sha512-GxypohDe86O+4DtHi2joGaDuoP7L8l4ppe/1987JhcPM+RmFZw4FJzNVg7kUVIPvQDMBhebXwywDGEz85uluMQ==
  dependencies:
    "@projectstorm/geometry" "^6.2.0"

"@projectstorm/react-diagrams-core@^6.2.0":
  version "6.2.0"
  resolved "https://registry.yarnpkg.com/@projectstorm/react-diagrams-core/-/react-diagrams-core-6.2.0.tgz#cc70bf237bf565a21be65857cc7213798707f427"
  integrity sha512-Vkjt2dUJK+aoS0ZXc7TqRPV0wXaPEe5CsEhXUK3CqBXyvVBE1/iN1qec36uKNWxpdG3OB/PBd1X1fQq64C4J3g==
  dependencies:
    "@projectstorm/geometry" "^6.2.0"
    "@projectstorm/react-canvas-core" "^6.2.0"

"@projectstorm/react-diagrams-defaults@^6.2.0":
  version "6.2.0"
  resolved "https://registry.yarnpkg.com/@projectstorm/react-diagrams-defaults/-/react-diagrams-defaults-6.2.0.tgz#571cabc12bb92d1bd1f7099d3dff7b82e74339eb"
  integrity sha512-kD4+S8oh/7hzgGEyQqC6mYupr2YM/3y2CJJcHff9IBubt+V2DJndvll3UJOA+sy5VXZl82mvOpz5nLjMQB142w==
  dependencies:
    "@projectstorm/react-diagrams-core" "^6.2.0"

"@projectstorm/react-diagrams-routing@^6.2.0":
  version "6.2.0"
  resolved "https://registry.yarnpkg.com/@projectstorm/react-diagrams-routing/-/react-diagrams-routing-6.2.0.tgz#12bf14c6184360734cd52c170d3136bd1464a36a"
  integrity sha512-+VnhCarWA6TPt5THIlEX1lOgHI+6MNjvSxSE8K06/iPeYhcVa9XcyX9fCthUBBzOYU1hie36o/jXBPri/sambA==
  dependencies:
    "@projectstorm/geometry" "^6.2.0"
    "@projectstorm/react-diagrams-core" "^6.2.0"
    "@projectstorm/react-diagrams-defaults" "^6.2.0"

"@projectstorm/react-diagrams@^6.2.0":
  version "6.2.0"
  resolved "https://registry.yarnpkg.com/@projectstorm/react-diagrams/-/react-diagrams-6.2.0.tgz#7987c08c5e13632152401e61dff3515c5dcd0359"
  integrity sha512-rAemEZ8WAyHXAqCbqudUcJ62kixjmM5L1Fa5u7Oa1t08tijIggMUQll7vw7513mf0IrfI56ETj84leC4wpju7w==
  dependencies:
    "@projectstorm/react-diagrams-core" "^6.2.0"
    "@projectstorm/react-diagrams-defaults" "^6.2.0"
    "@projectstorm/react-diagrams-routing" "^6.2.0"

rxjs@^6.5.5:
  version "6.5.5"
  resolved "https://registry.yarnpkg.com/rxjs/-/rxjs-6.5.5.tgz#c5c884e3094c8cfee31bf27eb87e54ccfc87f9ec"
  integrity sha512-WfQI+1gohdf0Dai/Bbmk5L5ItH5tYqm3ki2c5GdWhKjalzjg93N3avFjVStyZZz+A2Em+ZxKH5bNghw9UeylGQ==
  dependencies:
    tslib "^1.9.0"

tslib@^1.9.0:
  version "1.13.0"
  resolved "https://registry.yarnpkg.com/tslib/-/tslib-1.13.0.tgz#c881e13cc7015894ed914862d276436fa9a47043"
  integrity sha512-i/6DQjL8Xf3be4K/E6Wgpekn5Qasl1usyw++dAA35Ue5orEn65VIxOA+YvNNl9HV3qv70T7CNwjODHZrLwvd1Q==
